
Microsoft Visual Studio Solution File, Format Version 12.00
Project("{FAE04EC0-301F-11D3-BF4B-00C04F79EFBC}") = "ContainerExample", "ContainerExample\ContainerExample.csproj", "{0EED03CA-EB07-4FBE-BFE0-091A9BF5E972}"
EndProject
Project("{FAE04EC0-301F-11D3-BF4B-00C04F79EFBC}") = "Example", "Example\Example.csproj", "{75367E96-77A5-4D8B-AE93-0136176F9FF1}"
EndProject
Project("{FAE04EC0-301F-11D3-BF4B-00C04F79EFBC}") = "ContainerTests", "ContainerTests\ContainerTests.csproj", "{7B2C1F54-A7C4-4947-B30B-3CCB9886A1DF}"
EndProject
Global
	GlobalSection(SolutionConfigurationPlatforms) = preSolution
		Debug|Any CPU = Debug|Any CPU
		Release|Any CPU = Release|Any CPU
	EndGlobalSection
	GlobalSection(ProjectConfigurationPlatforms) = postSolution
		{0EED03CA-EB07-4FBE-BFE0-091A9BF5E972}.Debug|Any CPU.ActiveCfg = Debug|Any CPU
		{0EED03CA-EB07-4FBE-BFE0-091A9BF5E972}.Debug|Any CPU.Build.0 = Debug|Any CPU
		{0EED03CA-EB07-4FBE-BFE0-091A9BF5E972}.Release|Any CPU.ActiveCfg = Release|Any CPU
		{0EED03CA-EB07-4FBE-BFE0-091A9BF5E972}.Release|Any CPU.Build.0 = Release|Any CPU
		{75367E96-77A5-4D8B-AE93-0136176F9FF1}.Debug|Any CPU.ActiveCfg = Debug|Any CPU
		{75367E96-77A5-4D8B-AE93-0136176F9FF1}.Debug|Any CPU.Build.0 = Debug|Any CPU
		{75367E96-77A5-4D8B-AE93-0136176F9FF1}.Release|Any CPU.ActiveCfg = Release|Any CPU
		{75367E96-77A5-4D8B-AE93-0136176F9FF1}.Release|Any CPU.Build.0 = Release|Any CPU
		{7B2C1F54-A7C4-4947-B30B-3CCB9886A1DF}.Debug|Any CPU.ActiveCfg = Debug|Any CPU
		{7B2C1F54-A7C4-4947-B30B-3CCB9886A1DF}.Debug|Any CPU.Build.0 = Debug|Any CPU
		{7B2C1F54-A7C4-4947-B30B-3CCB9886A1DF}.Release|Any CPU.ActiveCfg = Release|Any CPU
		{7B2C1F54-A7C4-4947-B30B-3CCB9886A1DF}.Release|Any CPU.Build.0 = Release|Any CPU
	EndGlobalSection
EndGlobal
